// !$*UTF8*$!
{
	archiveVersion = 1;
	classes = {
	};
	objectVersion = 56;
	objects = {

/* Begin PBXBuildFile section */
		BE0358942B29C0730006FC3C /* Flow.swift in Sources */ = {isa = PBXBuildFile; fileRef = BE0358932B29C0730006FC3C /* Flow.swift */; };
		BE0358962B29E7C20006FC3C /* NavigationControlView.swift in Sources */ = {isa = PBXBuildFile; fileRef = BE0358952B29E7C20006FC3C /* NavigationControlView.swift */; };
		BE0358982B2A15820006FC3C /* View+AnyView.swift in Sources */ = {isa = PBXBuildFile; fileRef = BE0358972B2A15820006FC3C /* View+AnyView.swift */; };
		BE756DAF2C7CCEC300596195 /* View1.swift in Sources */ = {isa = PBXBuildFile; fileRef = BE756DAE2C7CCEC300596195 /* View1.swift */; };
		BE756DB12C7CCEE700596195 /* View2.swift in Sources */ = {isa = PBXBuildFile; fileRef = BE756DB02C7CCEE700596195 /* View2.swift */; };
		BE756DB32C7CCF2E00596195 /* HomeView.swift in Sources */ = {isa = PBXBuildFile; fileRef = BE756DB22C7CCF2E00596195 /* HomeView.swift */; };
		BE756DB52C7CCF5B00596195 /* PopoverView.swift in Sources */ = {isa = PBXBuildFile; fileRef = BE756DB42C7CCF5B00596195 /* PopoverView.swift */; };
		BE756DB72C7CE0CE00596195 /* View3.swift in Sources */ = {isa = PBXBuildFile; fileRef = BE756DB62C7CE0CE00596195 /* View3.swift */; };
		BE7FB5302AD0183500D65D69 /* SwiftUIPlayAroundApp.swift in Sources */ = {isa = PBXBuildFile; fileRef = BE7FB52F2AD0183500D65D69 /* SwiftUIPlayAroundApp.swift */; };
		BE7FB5342AD0183600D65D69 /* Assets.xcassets in Resources */ = {isa = PBXBuildFile; fileRef = BE7FB5332AD0183600D65D69 /* Assets.xcassets */; };
		BE7FB5372AD0183600D65D69 /* Preview Assets.xcassets in Resources */ = {isa = PBXBuildFile; fileRef = BE7FB5362AD0183600D65D69 /* Preview Assets.xcassets */; };
/* End PBXBuildFile section */

/* Begin PBXFileReference section */
		BE0358932B29C0730006FC3C /* Flow.swift */ = {isa = PBXFileReference; lastKnownFileType = sourcecode.swift; path = Flow.swift; sourceTree = "<group>"; };
		BE0358952B29E7C20006FC3C /* NavigationControlView.swift */ = {isa = PBXFileReference; lastKnownFileType = sourcecode.swift; path = NavigationControlView.swift; sourceTree = "<group>"; };
		BE0358972B2A15820006FC3C /* View+AnyView.swift */ = {isa = PBXFileReference; lastKnownFileType = sourcecode.swift; path = "View+AnyView.swift"; sourceTree = "<group>"; };
		BE756DAE2C7CCEC300596195 /* View1.swift */ = {isa = PBXFileReference; lastKnownFileType = sourcecode.swift; path = View1.swift; sourceTree = "<group>"; };
		BE756DB02C7CCEE700596195 /* View2.swift */ = {isa = PBXFileReference; lastKnownFileType = sourcecode.swift; path = View2.swift; sourceTree = "<group>"; };
		BE756DB22C7CCF2E00596195 /* HomeView.swift */ = {isa = PBXFileReference; lastKnownFileType = sourcecode.swift; path = HomeView.swift; sourceTree = "<group>"; };
		BE756DB42C7CCF5B00596195 /* PopoverView.swift */ = {isa = PBXFileReference; lastKnownFileType = sourcecode.swift; path = PopoverView.swift; sourceTree = "<group>"; };
		BE756DB62C7CE0CE00596195 /* View3.swift */ = {isa = PBXFileReference; lastKnownFileType = sourcecode.swift; path = View3.swift; sourceTree = "<group>"; };
		BE7FB52C2AD0183500D65D69 /* SwiftUIPlayAround.app */ = {isa = PBXFileReference; explicitFileType = wrapper.application; includeInIndex = 0; path = SwiftUIPlayAround.app; sourceTree = BUILT_PRODUCTS_DIR; };
		BE7FB52F2AD0183500D65D69 /* SwiftUIPlayAroundApp.swift */ = {isa = PBXFileReference; lastKnownFileType = sourcecode.swift; path = SwiftUIPlayAroundApp.swift; sourceTree = "<group>"; };
		BE7FB5332AD0183600D65D69 /* Assets.xcassets */ = {isa = PBXFileReference; lastKnownFileType = folder.assetcatalog; path = Assets.xcassets; sourceTree = "<group>"; };
		BE7FB5362AD0183600D65D69 /* Preview Assets.xcassets */ = {isa = PBXFileReference; lastKnownFileType = folder.assetcatalog; path = "Preview Assets.xcassets"; sourceTree = "<group>"; };
/* End PBXFileReference section */

/* Begin PBXFrameworksBuildPhase section */
		BE7FB5292AD0183500D65D69 /* Frameworks */ = {
			isa = PBXFrameworksBuildPhase;
			buildActionMask = 2147483647;
			files = (
			);
			runOnlyForDeploymentPostprocessing = 0;
		};
/* End PBXFrameworksBuildPhase section */

/* Begin PBXGroup section */
		BE756DAC2C7CCD9700596195 /* Helpers */ = {
			isa = PBXGroup;
			children = (
				BE0358972B2A15820006FC3C /* View+AnyView.swift */,
			);
			path = Helpers;
			sourceTree = "<group>";
		};
		BE756DAD2C7CCE6400596195 /* Views */ = {
			isa = PBXGroup;
			children = (
				BE0358952B29E7C20006FC3C /* NavigationControlView.swift */,
				BE756DB22C7CCF2E00596195 /* HomeView.swift */,
				BE756DB42C7CCF5B00596195 /* PopoverView.swift */,
				BE756DAE2C7CCEC300596195 /* View1.swift */,
				BE756DB02C7CCEE700596195 /* View2.swift */,
				BE756DB62C7CE0CE00596195 /* View3.swift */,
			);
			path = Views;
			sourceTree = "<group>";
		};
		BE7FB5232AD0183500D65D69 = {
			isa = PBXGroup;
			children = (
				BE7FB52E2AD0183500D65D69 /* SwiftUIPlayAround */,
				BE7FB52D2AD0183500D65D69 /* Products */,
			);
			sourceTree = "<group>";
		};
		BE7FB52D2AD0183500D65D69 /* Products */ = {
			isa = PBXGroup;
			children = (
				BE7FB52C2AD0183500D65D69 /* SwiftUIPlayAround.app */,
			);
			name = Products;
			sourceTree = "<group>";
		};
		BE7FB52E2AD0183500D65D69 /* SwiftUIPlayAround */ = {
			isa = PBXGroup;
			children = (
				BE7FB52F2AD0183500D65D69 /* SwiftUIPlayAroundApp.swift */,
				BE756DAC2C7CCD9700596195 /* Helpers */,
				BE756DAD2C7CCE6400596195 /* Views */,
				BE0358932B29C0730006FC3C /* Flow.swift */,
				BE7FB5332AD0183600D65D69 /* Assets.xcassets */,
				BE7FB5352AD0183600D65D69 /* Preview Content */,
			);
			path = SwiftUIPlayAround;
			sourceTree = "<group>";
		};
		BE7FB5352AD0183600D65D69 /* Preview Content */ = {
			isa = PBXGroup;
			children = (
				BE7FB5362AD0183600D65D69 /* Preview Assets.xcassets */,
			);
			path = "Preview Content";
			sourceTree = "<group>";
		};
/* End PBXGroup section */

/* Begin PBXNativeTarget section */
		BE7FB52B2AD0183500D65D69 /* SwiftUIPlayAround */ = {
			isa = PBXNativeTarget;
			buildConfigurationList = BE7FB53A2AD0183600D65D69 /* Build configuration list for PBXNativeTarget "SwiftUIPlayAround" */;
			buildPhases = (
				BE7FB5282AD0183500D65D69 /* Sources */,
				BE7FB5292AD0183500D65D69 /* Frameworks */,
				BE7FB52A2AD0183500D65D69 /* Resources */,
			);
			buildRules = (
			);
			dependencies = (
			);
			name = SwiftUIPlayAround;
			productName = SwiftUIPlayAround;
			productReference = BE7FB52C2AD0183500D65D69 /* SwiftUIPlayAround.app */;
			productType = "com.apple.product-type.application";
		};
/* End PBXNativeTarget section */

/* Begin PBXProject section */
		BE7FB5242AD0183500D65D69 /* Project object */ = {
			isa = PBXProject;
			attributes = {
				BuildIndependentTargetsInParallel = 1;
				LastSwiftUpdateCheck = 1500;
				LastUpgradeCheck = 1500;
				TargetAttributes = {
					BE7FB52B2AD0183500D65D69 = {
						CreatedOnToolsVersion = 15.0;
					};
				};
			};
			buildConfigurationList = BE7FB5272AD0183500D65D69 /* Build configuration list for PBXProject "SwiftUIPlayAround" */;
			compatibilityVersion = "Xcode 14.0";
			developmentRegion = en;
			hasScannedForEncodings = 0;
			knownRegions = (
				en,
				Base,
			);
			mainGroup = BE7FB5232AD0183500D65D69;
			productRefGroup = BE7FB52D2AD0183500D65D69 /* Products */;
			projectDirPath = "";
			projectRoot = "";
			targets = (
				BE7FB52B2AD0183500D65D69 /* SwiftUIPlayAround */,
			);
		};
/* End PBXProject section */

/* Begin PBXResourcesBuildPhase section */
		BE7FB52A2AD0183500D65D69 /* Resources */ = {
			isa = PBXResourcesBuildPhase;
			buildActionMask = 2147483647;
			files = (
				BE7FB5372AD0183600D65D69 /* Preview Assets.xcassets in Resources */,
				BE7FB5342AD0183600D65D69 /* Assets.xcassets in Resources */,
			);
			runOnlyForDeploymentPostprocessing = 0;
		};
/* End PBXResourcesBuildPhase section */

/* Begin PBXSourcesBuildPhase section */
		BE7FB5282AD0183500D65D69 /* Sources */ = {
			isa = PBXSourcesBuildPhase;
			buildActionMask = 2147483647;
			files = (
				BE0358942B29C0730006FC3C /* Flow.swift in Sources */,
				BE756DB12C7CCEE700596195 /* View2.swift in Sources */,
				BE756DB52C7CCF5B00596195 /* PopoverView.swift in Sources */,
				BE0358982B2A15820006FC3C /* View+AnyView.swift in Sources */,
				BE0358962B29E7C20006FC3C /* NavigationControlView.swift in Sources */,
				BE7FB5302AD0183500D65D69 /* SwiftUIPlayAroundApp.swift in Sources */,
				BE756DAF2C7CCEC300596195 /* View1.swift in Sources */,
				BE756DB72C7CE0CE00596195 /* View3.swift in Sources */,
				BE756DB32C7CCF2E00596195 /* HomeView.swift in Sources */,
			);
			runOnlyForDeploymentPostprocessing = 0;
		};
/* End PBXSourcesBuildPhase section */

/* Begin XCBuildConfiguration section */
		BE7FB5382AD0183600D65D69 /* Debug */ = {
			isa = XCBuildConfiguration;
			buildSettings = {
				ALWAYS_SEARCH_USER_PATHS = NO;
				ASSETCATALOG_COMPILER_GENERATE_SWIFT_ASSET_SYMBOL_EXTENSIONS = YES;
				CLANG_ANALYZER_NONNULL = YES;
				CLANG_ANALYZER_NUMBER_OBJECT_CONVERSION = YES_AGGRESSIVE;
				CLANG_CXX_LANGUAGE_STANDARD = "gnu++20";
				CLANG_ENABLE_MODULES = YES;
				CLANG_ENABLE_OBJC_ARC = YES;
				CLANG_ENABLE_OBJC_WEAK = YES;
				CLANG_WARN_BLOCK_CAPTURE_AUTORELEASING = YES;
				CLANG_WARN_BOOL_CONVERSION = YES;
				CLANG_WARN_COMMA = YES;
				CLANG_WARN_CONSTANT_CONVERSION = YES;
				CLANG_WARN_DEPRECATED_OBJC_IMPLEMENTATIONS = YES;
				CLANG_WARN_DIRECT_OBJC_ISA_USAGE = YES_ERROR;
				CLANG_WARN_DOCUMENTATION_COMMENTS = YES;
				CLANG_WARN_EMPTY_BODY = YES;
				CLANG_WARN_ENUM_CONVERSION = YES;
				CLANG_WARN_INFINITE_RECURSION = YES;
				CLANG_WARN_INT_CONVERSION = YES;
				CLANG_WARN_NON_LITERAL_NULL_CONVERSION = YES;
				CLANG_WARN_OBJC_IMPLICIT_RETAIN_SELF = YES;
				CLANG_WARN_OBJC_LITERAL_CONVERSION = YES;
				CLANG_WARN_OBJC_ROOT_CLASS = YES_ERROR;
				CLANG_WARN_QUOTED_INCLUDE_IN_FRAMEWORK_HEADER = YES;
				CLANG_WARN_RANGE_LOOP_ANALYSIS = YES;
				CLANG_WARN_STRICT_PROTOTYPES = YES;
				CLANG_WARN_SUSPICIOUS_MOVE = YES;
				CLANG_WARN_UNGUARDED_AVAILABILITY = YES_AGGRESSIVE;
				CLANG_WARN_UNREACHABLE_CODE = YES;
				CLANG_WARN__DUPLICATE_METHOD_MATCH = YES;
				COPY_PHASE_STRIP = NO;
				DEBUG_INFORMATION_FORMAT = dwarf;
				ENABLE_STRICT_OBJC_MSGSEND = YES;
				ENABLE_TESTABILITY = YES;
				ENABLE_USER_SCRIPT_SANDBOXING = YES;
				GCC_C_LANGUAGE_STANDARD = gnu17;
				GCC_DYNAMIC_NO_PIC = NO;
				GCC_NO_COMMON_BLOCKS = YES;
				GCC_OPTIMIZATION_LEVEL = 0;
				GCC_PREPROCESSOR_DEFINITIONS = (
					"DEBUG=1",
					"$(inherited)",
				);
				GCC_WARN_64_TO_32_BIT_CONVERSION = YES;
				GCC_WARN_ABOUT_RETURN_TYPE = YES_ERROR;
				GCC_WARN_UNDECLARED_SELECTOR = YES;
				GCC_WARN_UNINITIALIZED_AUTOS = YES_AGGRESSIVE;
				GCC_WARN_UNUSED_FUNCTION = YES;
				GCC_WARN_UNUSED_VARIABLE = YES;
				IPHONEOS_DEPLOYMENT_TARGET = 16.0;
				LOCALIZATION_PREFERS_STRING_CATALOGS = YES;
				MTL_ENABLE_DEBUG_INFO = INCLUDE_SOURCE;
				MTL_FAST_MATH = YES;
				ONLY_ACTIVE_ARCH = YES;
				SDKROOT = iphoneos;
				SWIFT_ACTIVE_COMPILATION_CONDITIONS = "DEBUG $(inherited)";
				SWIFT_OPTIMIZATION_LEVEL = "-Onone";
			};
			name = Debug;
		};
		BE7FB5392AD0183600D65D69 /* Release */ = {
			isa = XCBuildConfiguration;
			buildSettings = {
				ALWAYS_SEARCH_USER_PATHS = NO;
				ASSETCATALOG_COMPILER_GENERATE_SWIFT_ASSET_SYMBOL_EXTENSIONS = YES;
				CLANG_ANALYZER_NONNULL = YES;
				CLANG_ANALYZER_NUMBER_OBJECT_CONVERSION = YES_AGGRESSIVE;
				CLANG_CXX_LANGUAGE_STANDARD = "gnu++20";
				CLANG_ENABLE_MODULES = YES;
				CLANG_ENABLE_OBJC_ARC = YES;
				CLANG_ENABLE_OBJC_WEAK = YES;
				CLANG_WARN_BLOCK_CAPTURE_AUTORELEASING = YES;
				CLANG_WARN_BOOL_CONVERSION = YES;
				CLANG_WARN_COMMA = YES;
				CLANG_WARN_CONSTANT_CONVERSION = YES;
				CLANG_WARN_DEPRECATED_OBJC_IMPLEMENTATIONS = YES;
				CLANG_WARN_DIRECT_OBJC_ISA_USAGE = YES_ERROR;
				CLANG_WARN_DOCUMENTATION_COMMENTS = YES;
				CLANG_WARN_EMPTY_BODY = YES;
				CLANG_WARN_ENUM_CONVERSION = YES;
				CLANG_WARN_INFINITE_RECURSION = YES;
				CLANG_WARN_INT_CONVERSION = YES;
				CLANG_WARN_NON_LITERAL_NULL_CONVERSION = YES;
				CLANG_WARN_OBJC_IMPLICIT_RETAIN_SELF = YES;
				CLANG_WARN_OBJC_LITERAL_CONVERSION = YES;
				CLANG_WARN_OBJC_ROOT_CLASS = YES_ERROR;
				CLANG_WARN_QUOTED_INCLUDE_IN_FRAMEWORK_HEADER = YES;
				CLANG_WARN_RANGE_LOOP_ANALYSIS = YES;
				CLANG_WARN_STRICT_PROTOTYPES = YES;
				CLANG_WARN_SUSPICIOUS_MOVE = YES;
				CLANG_WARN_UNGUARDED_AVAILABILITY = YES_AGGRESSIVE;
				CLANG_WARN_UNREACHABLE_CODE = YES;
				CLANG_WARN__DUPLICATE_METHOD_MATCH = YES;
				COPY_PHASE_STRIP = NO;
				DEBUG_INFORMATION_FORMAT = "dwarf-with-dsym";
				ENABLE_NS_ASSERTIONS = NO;
				ENABLE_STRICT_OBJC_MSGSEND = YES;
				ENABLE_USER_SCRIPT_SANDBOXING = YES;
				GCC_C_LANGUAGE_STANDARD = gnu17;
				GCC_NO_COMMON_BLOCKS = YES;
				GCC_WARN_64_TO_32_BIT_CONVERSION = YES;
				GCC_WARN_ABOUT_RETURN_TYPE = YES_ERROR;
				GCC_WARN_UNDECLARED_SELECTOR = YES;
				GCC_WARN_UNINITIALIZED_AUTOS = YES_AGGRESSIVE;
				GCC_WARN_UNUSED_FUNCTION = YES;
				GCC_WARN_UNUSED_VARIABLE = YES;
				IPHONEOS_DEPLOYMENT_TARGET = 16.0;
				LOCALIZATION_PREFERS_STRING_CATALOGS = YES;
				MTL_ENABLE_DEBUG_INFO = NO;
				MTL_FAST_MATH = YES;
				SDKROOT = iphoneos;
				SWIFT_COMPILATION_MODE = wholemodule;
				VALIDATE_PRODUCT = YES;
			};
			name = Release;
		};
		BE7FB53B2AD0183600D65D69 /* Debug */ = {
			isa = XCBuildConfiguration;
			buildSettings = {
				ASSETCATALOG_COMPILER_APPICON_NAME = AppIcon;
				ASSETCATALOG_COMPILER_GLOBAL_ACCENT_COLOR_NAME = AccentColor;
				CODE_SIGN_STYLE = Automatic;
				CURRENT_PROJECT_VERSION = 1;
				DEVELOPMENT_ASSET_PATHS = "\"SwiftUIPlayAround/Preview Content\"";
				DEVELOPMENT_TEAM = DV4M5VPD3C;
				ENABLE_PREVIEWS = YES;
				GENERATE_INFOPLIST_FILE = YES;
				INFOPLIST_KEY_UIApplicationSceneManifest_Generation = YES;
				INFOPLIST_KEY_UIApplicationSupportsIndirectInputEvents = YES;
				INFOPLIST_KEY_UILaunchScreen_Generation = YES;
				INFOPLIST_KEY_UISupportedInterfaceOrientations = UIInterfaceOrientationPortrait;
				INFOPLIST_KEY_UISupportedInterfaceOrientations_iPad = "UIInterfaceOrientationLandscapeLeft UIInterfaceOrientationLandscapeRight UIInterfaceOrientationPortrait UIInterfaceOrientationPortraitUpsideDown";
				IPHONEOS_DEPLOYMENT_TARGET = 16.0;
				LD_RUNPATH_SEARCH_PATHS = (
					"$(inherited)",
					"@executable_path/Frameworks",
				);
				MARKETING_VERSION = 1.0;
				PRODUCT_BUNDLE_IDENTIFIER = com.tszlung.SwiftUIPlayAround;
				PRODUCT_NAME = "$(TARGET_NAME)";
				SUPPORTED_PLATFORMS = "iphoneos iphonesimulator";
				SUPPORTS_MACCATALYST = NO;
				SWIFT_EMIT_LOC_STRINGS = YES;
				SWIFT_VERSION = 5.0;
				TARGETED_DEVICE_FAMILY = 1;
			};
			name = Debug;
		};
		BE7FB53C2AD0183600D65D69 /* Release */ = {
			isa = XCBuildConfiguration;
			buildSettings = {
				ASSETCATALOG_COMPILER_APPICON_NAME = AppIcon;
				ASSETCATALOG_COMPILER_GLOBAL_ACCENT_COLOR_NAME = AccentColor;
				CODE_SIGN_STYLE = Automatic;
				CURRENT_PROJECT_VERSION = 1;
				DEVELOPMENT_ASSET_PATHS = "\"SwiftUIPlayAround/Preview Content\"";
				DEVELOPMENT_TEAM = DV4M5VPD3C;
				ENABLE_PREVIEWS = YES;
				GENERATE_INFOPLIST_FILE = YES;
				INFOPLIST_KEY_UIApplicationSceneManifest_Generation = YES;
				INFOPLIST_KEY_UIApplicationSupportsIndirectInputEvents = YES;
				INFOPLIST_KEY_UILaunchScreen_Generation = YES;
				INFOPLIST_KEY_UISupportedInterfaceOrientations = UIInterfaceOrientationPortrait;
				INFOPLIST_KEY_UISupportedInterfaceOrientations_iPad = "UIInterfaceOrientationLandscapeLeft UIInterfaceOrientationLandscapeRight UIInterfaceOrientationPortrait UIInterfaceOrientationPortraitUpsideDown";
				IPHONEOS_DEPLOYMENT_TARGET = 16.0;
				LD_RUNPATH_SEARCH_PATHS = (
					"$(inherited)",
					"@executable_path/Frameworks",
				);
				MARKETING_VERSION = 1.0;
				PRODUCT_BUNDLE_IDENTIFIER = com.tszlung.SwiftUIPlayAround;
				PRODUCT_NAME = "$(TARGET_NAME)";
				SUPPORTED_PLATFORMS = "iphoneos iphonesimulator";
				SUPPORTS_MACCATALYST = NO;
				SWIFT_EMIT_LOC_STRINGS = YES;
				SWIFT_VERSION = 5.0;
				TARGETED_DEVICE_FAMILY = 1;
			};
			name = Release;
		};
/* End XCBuildConfiguration section */

/* Begin XCConfigurationList section */
		BE7FB5272AD0183500D65D69 /* Build configuration list for PBXProject "SwiftUIPlayAround" */ = {
			isa = XCConfigurationList;
			buildConfigurations = (
				BE7FB5382AD0183600D65D69 /* Debug */,
				BE7FB5392AD0183600D65D69 /* Release */,
			);
			defaultConfigurationIsVisible = 0;
			defaultConfigurationName = Release;
		};
		BE7FB53A2AD0183600D65D69 /* Build configuration list for PBXNativeTarget "SwiftUIPlayAround" */ = {
			isa = XCConfigurationList;
			buildConfigurations = (
				BE7FB53B2AD0183600D65D69 /* Debug */,
				BE7FB53C2AD0183600D65D69 /* Release */,
			);
			defaultConfigurationIsVisible = 0;
			defaultConfigurationName = Release;
		};
/* End XCConfigurationList section */
	};
	rootObject = BE7FB5242AD0183500D65D69 /* Project object */;
}
